<?xml version="1.0" encoding="UTF-8"?>
<Scheme
   version = "1.3">
   <BuildAction>
      <BuildActionEntries>
         <BuildActionEntry
            buildForRunning = "YES">
            <BuildableReference
               BuildableIdentifier = "primary"
               BlueprintIdentifier = "BEAD3B26256AECB6006401B3"
               BuildableName = "SpaceXSwiftUI.app"
               BlueprintName = "SpaceXSwiftUI"
               ReferencedContainer = "container:SpaceXSwiftUI.xcodeproj">
            </BuildableReference>
         </BuildActionEntry>
      </BuildActionEntries>
   </BuildAction>
   <LaunchAction
      useCustomWorkingDirectory = "NO"
      buildConfiguration = "Debug"
      allowLocationSimulation = "YES">
      <BuildableProductRunnable>
         <BuildableReference
            BuildableIdentifier = "primary"
            BlueprintIdentifier = "BEAD3B26256AECB6006401B3"
            BuildableName = "SpaceXSwiftUI.app"
            BlueprintName = "SpaceXSwiftUI"
            ReferencedContainer = "container:SpaceXSwiftUI.xcodeproj">
         </BuildableReference>
      </BuildableProductRunnable>
   </LaunchAction>
</Scheme>
